
Microsoft Visual Studio Solution File, Format Version 12.00
# Visual Studio Version 16
VisualStudioVersion = 16.0.31702.278
MinimumVisualStudioVersion = 10.0.40219.1
Project("{FAE04EC0-301F-11D3-BF4B-00C04F79EFBC}") = "Bitisdemo", "Bitisdemo\Bitisdemo.csproj", "{327B3970-B6BF-46EA-B6B9-ACCC9F4476C6}"
EndProject
Global
	GlobalSection(SolutionConfigurationPlatforms) = preSolution
		Debug|Any CPU = Debug|Any CPU
		Release|Any CPU = Release|Any CPU
	EndGlobalSection
	GlobalSection(ProjectConfigurationPlatforms) = postSolution
		{327B3970-B6BF-46EA-B6B9-ACCC9F4476C6}.Debug|Any CPU.ActiveCfg = Debug|Any CPU
		{327B3970-B6BF-46EA-B6B9-ACCC9F4476C6}.Debug|Any CPU.Build.0 = Debug|Any CPU
		{327B3970-B6BF-46EA-B6B9-ACCC9F4476C6}.Release|Any CPU.ActiveCfg = Release|Any CPU
		{327B3970-B6BF-46EA-B6B9-ACCC9F4476C6}.Release|Any CPU.Build.0 = Release|Any CPU
	EndGlobalSection
	GlobalSection(SolutionProperties) = preSolution
		HideSolutionNode = FALSE
	EndGlobalSection
	GlobalSection(ExtensibilityGlobals) = postSolution
		SolutionGuid = {A0DEC3F1-0C15-4B3A-8065-FA246C62B62B}
	EndGlobalSection
EndGlobal
